
Microsoft Visual Studio Solution File, Format Version 12.00
# Visual Studio Version 16
VisualStudioVersion = 16.0.31702.278
MinimumVisualStudioVersion = 10.0.40219.1
Project("{FAE04EC0-301F-11D3-BF4B-00C04F79EFBC}") = "CourseSystem", "CourseSystem\CourseSystem.csproj", "{81D21718-17F5-46BB-8591-0C1EC565FEFF}"
EndProject
Project("{FAE04EC0-301F-11D3-BF4B-00C04F79EFBC}") = "CourseSystemTests", "CourseSystemTests\CourseSystemTests.csproj", "{8827F5CF-633F-4E5F-BA4F-04F1E44B6C7D}"
EndProject
Project("{FAE04EC0-301F-11D3-BF4B-00C04F79EFBC}") = "UITest", "UITest\UITest.csproj", "{30437951-72FA-49DB-87F4-CFF2CAF2771F}"
EndProject
Global
	GlobalSection(SolutionConfigurationPlatforms) = preSolution
		Debug|Any CPU = Debug|Any CPU
		Release|Any CPU = Release|Any CPU
	EndGlobalSection
	GlobalSection(ProjectConfigurationPlatforms) = postSolution
		{81D21718-17F5-46BB-8591-0C1EC565FEFF}.Debug|Any CPU.ActiveCfg = Debug|Any CPU
		{81D21718-17F5-46BB-8591-0C1EC565FEFF}.Debug|Any CPU.Build.0 = Debug|Any CPU
		{81D21718-17F5-46BB-8591-0C1EC565FEFF}.Release|Any CPU.ActiveCfg = Release|Any CPU
		{81D21718-17F5-46BB-8591-0C1EC565FEFF}.Release|Any CPU.Build.0 = Release|Any CPU
		{8827F5CF-633F-4E5F-BA4F-04F1E44B6C7D}.Debug|Any CPU.ActiveCfg = Debug|Any CPU
		{8827F5CF-633F-4E5F-BA4F-04F1E44B6C7D}.Debug|Any CPU.Build.0 = Debug|Any CPU
		{8827F5CF-633F-4E5F-BA4F-04F1E44B6C7D}.Release|Any CPU.ActiveCfg = Release|Any CPU
		{8827F5CF-633F-4E5F-BA4F-04F1E44B6C7D}.Release|Any CPU.Build.0 = Release|Any CPU
		{30437951-72FA-49DB-87F4-CFF2CAF2771F}.Debug|Any CPU.ActiveCfg = Debug|Any CPU
		{30437951-72FA-49DB-87F4-CFF2CAF2771F}.Debug|Any CPU.Build.0 = Debug|Any CPU
		{30437951-72FA-49DB-87F4-CFF2CAF2771F}.Release|Any CPU.ActiveCfg = Release|Any CPU
		{30437951-72FA-49DB-87F4-CFF2CAF2771F}.Release|Any CPU.Build.0 = Release|Any CPU
	EndGlobalSection
	GlobalSection(SolutionProperties) = preSolution
		HideSolutionNode = FALSE
	EndGlobalSection
	GlobalSection(ExtensibilityGlobals) = postSolution
		SolutionGuid = {088FA02B-3444-48C6-A8D3-154F5623FD8B}
	EndGlobalSection
EndGlobal
